
Microsoft Visual Studio Solution File, Format Version 12.00
# Visual Studio Version 16
VisualStudioVersion = 16.0.29920.165
MinimumVisualStudioVersion = 10.0.40219.1
Project("{FAE04EC0-301F-11D3-BF4B-00C04F79EFBC}") = "ExchangeWS", "ExchangeWS\ExchangeWS.csproj", "{B55B197E-66A9-452D-8E85-F28A93103E1C}"
EndProject
Global
	GlobalSection(SolutionConfigurationPlatforms) = preSolution
		Debug|Any CPU = Debug|Any CPU
		Release|Any CPU = Release|Any CPU
	EndGlobalSection
	GlobalSection(ProjectConfigurationPlatforms) = postSolution
		{B55B197E-66A9-452D-8E85-F28A93103E1C}.Debug|Any CPU.ActiveCfg = Debug|Any CPU
		{B55B197E-66A9-452D-8E85-F28A93103E1C}.Debug|Any CPU.Build.0 = Debug|Any CPU
		{B55B197E-66A9-452D-8E85-F28A93103E1C}.Release|Any CPU.ActiveCfg = Release|Any CPU
		{B55B197E-66A9-452D-8E85-F28A93103E1C}.Release|Any CPU.Build.0 = Release|Any CPU
	EndGlobalSection
	GlobalSection(SolutionProperties) = preSolution
		HideSolutionNode = FALSE
	EndGlobalSection
	GlobalSection(ExtensibilityGlobals) = postSolution
		SolutionGuid = {126644FC-4EDE-417B-A348-127B48529835}
	EndGlobalSection
EndGlobal
